
Microsoft Visual Studio Solution File, Format Version 12.00
# Visual Studio 2012
Project("{D954291E-2A0B-460D-934E-DC6B0785DB48}") = "MultiDexTest", "MultiDexTest\MultiDexTest.shproj", "{6384BF35-4442-45D4-BDFC-085B3C763EF7}"
EndProject
Project("{FAE04EC0-301F-11D3-BF4B-00C04F79EFBC}") = "MultiDexTest.iOS", "iOS\MultiDexTest.iOS.csproj", "{610389E4-ED0D-4E68-98B5-4894C27FA0D6}"
EndProject
Project("{FAE04EC0-301F-11D3-BF4B-00C04F79EFBC}") = "MultiDexTest.Droid", "Droid\MultiDexTest.Droid.csproj", "{02F481C5-D46E-43B5-B1CA-C34A0F6BF177}"
EndProject
Global
	GlobalSection(SolutionConfigurationPlatforms) = preSolution
		Debug|iPhoneSimulator = Debug|iPhoneSimulator
		Release|iPhone = Release|iPhone
		Release|iPhoneSimulator = Release|iPhoneSimulator
		Debug|iPhone = Debug|iPhone
		Debug|Any CPU = Debug|Any CPU
		Release|Any CPU = Release|Any CPU
	EndGlobalSection
	GlobalSection(ProjectConfigurationPlatforms) = postSolution
		{610389E4-ED0D-4E68-98B5-4894C27FA0D6}.Debug|iPhoneSimulator.ActiveCfg = Debug|iPhoneSimulator
		{610389E4-ED0D-4E68-98B5-4894C27FA0D6}.Debug|iPhoneSimulator.Build.0 = Debug|iPhoneSimulator
		{610389E4-ED0D-4E68-98B5-4894C27FA0D6}.Release|iPhone.ActiveCfg = Release|iPhone
		{610389E4-ED0D-4E68-98B5-4894C27FA0D6}.Release|iPhone.Build.0 = Release|iPhone
		{610389E4-ED0D-4E68-98B5-4894C27FA0D6}.Release|iPhoneSimulator.ActiveCfg = Release|iPhoneSimulator
		{610389E4-ED0D-4E68-98B5-4894C27FA0D6}.Release|iPhoneSimulator.Build.0 = Release|iPhoneSimulator
		{610389E4-ED0D-4E68-98B5-4894C27FA0D6}.Debug|iPhone.ActiveCfg = Debug|iPhone
		{610389E4-ED0D-4E68-98B5-4894C27FA0D6}.Debug|iPhone.Build.0 = Debug|iPhone
		{610389E4-ED0D-4E68-98B5-4894C27FA0D6}.Debug|Any CPU.ActiveCfg = Debug|iPhoneSimulator
		{610389E4-ED0D-4E68-98B5-4894C27FA0D6}.Debug|Any CPU.Build.0 = Debug|iPhoneSimulator
		{610389E4-ED0D-4E68-98B5-4894C27FA0D6}.Release|Any CPU.ActiveCfg = Release|iPhone
		{610389E4-ED0D-4E68-98B5-4894C27FA0D6}.Release|Any CPU.Build.0 = Release|iPhone
		{02F481C5-D46E-43B5-B1CA-C34A0F6BF177}.Debug|iPhoneSimulator.ActiveCfg = Debug|Any CPU
		{02F481C5-D46E-43B5-B1CA-C34A0F6BF177}.Debug|iPhoneSimulator.Build.0 = Debug|Any CPU
		{02F481C5-D46E-43B5-B1CA-C34A0F6BF177}.Release|iPhone.ActiveCfg = Release|Any CPU
		{02F481C5-D46E-43B5-B1CA-C34A0F6BF177}.Release|iPhone.Build.0 = Release|Any CPU
		{02F481C5-D46E-43B5-B1CA-C34A0F6BF177}.Release|iPhoneSimulator.ActiveCfg = Release|Any CPU
		{02F481C5-D46E-43B5-B1CA-C34A0F6BF177}.Release|iPhoneSimulator.Build.0 = Release|Any CPU
		{02F481C5-D46E-43B5-B1CA-C34A0F6BF177}.Debug|iPhone.ActiveCfg = Debug|Any CPU
		{02F481C5-D46E-43B5-B1CA-C34A0F6BF177}.Debug|iPhone.Build.0 = Debug|Any CPU
		{02F481C5-D46E-43B5-B1CA-C34A0F6BF177}.Debug|Any CPU.ActiveCfg = Debug|Any CPU
		{02F481C5-D46E-43B5-B1CA-C34A0F6BF177}.Debug|Any CPU.Build.0 = Debug|Any CPU
		{02F481C5-D46E-43B5-B1CA-C34A0F6BF177}.Release|Any CPU.ActiveCfg = Release|Any CPU
		{02F481C5-D46E-43B5-B1CA-C34A0F6BF177}.Release|Any CPU.Build.0 = Release|Any CPU
	EndGlobalSection
EndGlobal
